
Microsoft Visual Studio Solution File, Format Version 12.00
# Visual Studio 15
Project("{FAE04EC0-301F-11D3-BF4B-00C04F79EFBC}") = "CharVideo", "CharVideo\CharVideo.csproj", "{A7A643F9-7D20-4FBB-85B2-E15C74835400}"
EndProject
Global
	GlobalSection(SolutionConfigurationPlatforms) = preSolution
		Debug|x86 = Debug|x86
		Release|x86 = Release|x86
	EndGlobalSection
	GlobalSection(ProjectConfigurationPlatforms) = postSolution
		{A7A643F9-7D20-4FBB-85B2-E15C74835400}.Debug|x86.ActiveCfg = Debug|x86
		{A7A643F9-7D20-4FBB-85B2-E15C74835400}.Debug|x86.Build.0 = Debug|x86
		{A7A643F9-7D20-4FBB-85B2-E15C74835400}.Release|x86.ActiveCfg = Release|x86
		{A7A643F9-7D20-4FBB-85B2-E15C74835400}.Release|x86.Build.0 = Release|x86
	EndGlobalSection
EndGlobal
